<Solution>
  <Folder Name="/Task0/">
    <Project Path="Tyuiu.MaslovDM.Sprint0.Task0.V0/Tyuiu.MaslovDM.Sprint0.Task0.V0.csproj" />
  </Folder>
  <Folder Name="/Task1/">
    <Project Path="Tyuiu.MaslovDM.Sprint0.Task1.V0/Tyuiu.MaslovDM.Sprint0.Task1.V0.csproj" Id="14e3924f-88c5-4c0b-aefb-3df98d6c9451" />
  </Folder>
  <Folder Name="/Task2/">
    <Project Path="Tyuiu.MaslovDM.Sprint0.Task2.V0.Lib/Tyuiu.MaslovDM.Sprint0.Task2.V0.Lib.csproj" Id="d103f169-40d6-4887-8fb0-2ec3efc969d6" />
    <Project Path="Tyuiu.MaslovDM.Sprint0.Task2.V0.Test/Tyuiu.MaslovDM.Sprint0.Task2.V0.Test.csproj" Id="4f25ab44-4260-46d8-b312-5ff6d1825e0e" />
    <Project Path="Tyuiu.MaslovDM.Sprint0.Task2.V0/Tyuiu.MaslovDM.Sprint0.Task2.V0.csproj" Id="1031d8d6-cc46-4de4-9c73-58cde6888e24" />
  </Folder>
  <Folder Name="/Task3/">
    <Project Path="Tyuiu.MaslovDM.Sprint0.Task3.V0.Lib/Tyuiu.MaslovDM.Sprint0.Task3.V0.Lib.csproj" Id="e2fe4696-add3-4a3b-9b3c-a21800fe7218" />
    <Project Path="Tyuiu.MaslovDM.Sprint0.Task3.V0.Test/Tyuiu.MaslovDM.Sprint0.Task3.V0.Test.csproj" Id="1fdab337-e91a-4813-a5e2-3984c7065008" />
    <Project Path="Tyuiu.MaslovDM.Sprint0.Task3.V0/Tyuiu.MaslovDM.Sprint0.Task3.V0.csproj" Id="db00cc54-1285-43b8-aabc-8b331d51bbca" />
  </Folder>
  <Folder Name="/Task4/">
    <Project Path="Tyuiu.MaslovDM.Sprint0.Task4.V0.Lib/Tyuiu.MaslovDM.Sprint0.Task4.V0.Lib.csproj" Id="a894a2da-09ae-4f91-b7c1-04ed9e85d621" />
    <Project Path="Tyuiu.MaslovDM.Sprint0.Task4.V0.Test/Tyuiu.MaslovDM.Sprint0.Task4.V0.Test.csproj" Id="7bb6418d-f777-46e7-b198-b05aefe1011c" />
    <Project Path="Tyuiu.MaslovDM.Sprint0.Task4.V0/Tyuiu.MaslovDM.Sprint0.Task4.V0.csproj" Id="d63fee3d-5030-403e-b93a-7827f033006e" />
  </Folder>
  <Folder Name="/Task5/">
    <Project Path="Tyuiu.MaslovDM.Sprint0.Task5.V0,Lib/Tyuiu.MaslovDM.Sprint0.Task5.V0.Lib.csproj" Id="092c4d0f-fea4-4c30-9ac1-d3d5350138ac" />
    <Project Path="Tyuiu.MaslovDM.Sprint0.Task5.V0.Test/Tyuiu.MaslovDM.Sprint0.Task5.V0.Test.csproj" Id="fb7d1755-4cdf-4134-a522-2335cb482a66" />
    <Project Path="Tyuiu.MaslovDM.Sprint0.Task5.V0/Tyuiu.MaslovDM.Sprint0.Task5.V0.csproj" Id="66ca8be4-c2fd-4001-bde9-74122f5aa93d" />
  </Folder>
</Solution>
